
Microsoft Visual Studio Solution File, Format Version 12.00
# Visual Studio 15
VisualStudioVersion = 15.0.28307.136
MinimumVisualStudioVersion = 10.0.40219.1
Project("{9A19103F-16F7-4668-BE54-9A1E7A4F7556}") = "SentimentAnalysis1ML.Model", "SentimentAnalysis1ML.Model\SentimentAnalysis1ML.Model.csproj", "{440A5438-355B-4D16-98D0-B298453AD3EE}"
EndProject
Project("{9A19103F-16F7-4668-BE54-9A1E7A4F7556}") = "SentimentAnalysis1ML.ConsoleApp", "SentimentAnalysis1ML.ConsoleApp\SentimentAnalysis1ML.ConsoleApp.csproj", "{80E790D3-5909-48C7-93BD-DF7D42E01833}"
EndProject
Global
	GlobalSection(SolutionConfigurationPlatforms) = preSolution
		Debug|Any CPU = Debug|Any CPU
		Debug|x64 = Debug|x64
		Release|Any CPU = Release|Any CPU
		Release|x64 = Release|x64
	EndGlobalSection
	GlobalSection(ProjectConfigurationPlatforms) = postSolution
		{440A5438-355B-4D16-98D0-B298453AD3EE}.Debug|Any CPU.ActiveCfg = Debug|Any CPU
		{440A5438-355B-4D16-98D0-B298453AD3EE}.Debug|Any CPU.Build.0 = Debug|Any CPU
		{440A5438-355B-4D16-98D0-B298453AD3EE}.Debug|x64.ActiveCfg = Debug|Any CPU
		{440A5438-355B-4D16-98D0-B298453AD3EE}.Debug|x64.Build.0 = Debug|Any CPU
		{440A5438-355B-4D16-98D0-B298453AD3EE}.Release|Any CPU.ActiveCfg = Release|Any CPU
		{440A5438-355B-4D16-98D0-B298453AD3EE}.Release|Any CPU.Build.0 = Release|Any CPU
		{440A5438-355B-4D16-98D0-B298453AD3EE}.Release|x64.ActiveCfg = Release|Any CPU
		{440A5438-355B-4D16-98D0-B298453AD3EE}.Release|x64.Build.0 = Release|Any CPU
		{80E790D3-5909-48C7-93BD-DF7D42E01833}.Debug|Any CPU.ActiveCfg = Debug|Any CPU
		{80E790D3-5909-48C7-93BD-DF7D42E01833}.Debug|Any CPU.Build.0 = Debug|Any CPU
		{80E790D3-5909-48C7-93BD-DF7D42E01833}.Debug|x64.ActiveCfg = Debug|Any CPU
		{80E790D3-5909-48C7-93BD-DF7D42E01833}.Debug|x64.Build.0 = Debug|Any CPU
		{80E790D3-5909-48C7-93BD-DF7D42E01833}.Release|Any CPU.ActiveCfg = Release|Any CPU
		{80E790D3-5909-48C7-93BD-DF7D42E01833}.Release|Any CPU.Build.0 = Release|Any CPU
		{80E790D3-5909-48C7-93BD-DF7D42E01833}.Release|x64.ActiveCfg = Release|Any CPU
		{80E790D3-5909-48C7-93BD-DF7D42E01833}.Release|x64.Build.0 = Release|Any CPU
	EndGlobalSection
	GlobalSection(SolutionProperties) = preSolution
		HideSolutionNode = FALSE
	EndGlobalSection
	GlobalSection(ExtensibilityGlobals) = postSolution
		SolutionGuid = {3A0CCD91-337B-4F4C-AB79-3ED0712B5F76}
	EndGlobalSection
EndGlobal
